
Microsoft Visual Studio Solution File, Format Version 12.00
# Visual Studio Version 17
VisualStudioVersion = 17.2.32616.157
MinimumVisualStudioVersion = 10.0.40219.1
Project("{FAE04EC0-301F-11D3-BF4B-00C04F79EFBC}") = "WebsiteHopDongVay", "WebsiteHopDongVay\WebsiteHopDongVay.csproj", "{8D36EFE1-D57B-4FB9-9F4E-A6D492D13DF8}"
EndProject
Global
	GlobalSection(SolutionConfigurationPlatforms) = preSolution
		Debug|Any CPU = Debug|Any CPU
		Release|Any CPU = Release|Any CPU
	EndGlobalSection
	GlobalSection(ProjectConfigurationPlatforms) = postSolution
		{8D36EFE1-D57B-4FB9-9F4E-A6D492D13DF8}.Debug|Any CPU.ActiveCfg = Debug|Any CPU
		{8D36EFE1-D57B-4FB9-9F4E-A6D492D13DF8}.Debug|Any CPU.Build.0 = Debug|Any CPU
		{8D36EFE1-D57B-4FB9-9F4E-A6D492D13DF8}.Release|Any CPU.ActiveCfg = Release|Any CPU
		{8D36EFE1-D57B-4FB9-9F4E-A6D492D13DF8}.Release|Any CPU.Build.0 = Release|Any CPU
	EndGlobalSection
	GlobalSection(SolutionProperties) = preSolution
		HideSolutionNode = FALSE
	EndGlobalSection
	GlobalSection(ExtensibilityGlobals) = postSolution
		SolutionGuid = {02EA5FA6-EF79-4A4C-B19D-7E4C0BCD9E54}
	EndGlobalSection
EndGlobal
